
Microsoft Visual Studio Solution File, Format Version 12.00
# Visual Studio 15
Project("{FAE04EC0-301F-11D3-BF4B-00C04F79EFBC}") = "Assembly-CSharp", "Assembly-CSharp.csproj", "{1AB97038-C9BA-0736-FA70-7B136748C750}"
EndProject
Project("{FAE04EC0-301F-11D3-BF4B-00C04F79EFBC}") = "Assembly-CSharp-Editor", "Assembly-CSharp-Editor.csproj", "{60DE2AD5-49A9-FE81-1C14-4389758E737E}"
EndProject
Global
	GlobalSection(SolutionConfigurationPlatforms) = preSolution
		Debug|Any CPU = Debug|Any CPU
		Release|Any CPU = Release|Any CPU
	EndGlobalSection
	GlobalSection(ProjectConfigurationPlatforms) = postSolution
		{1AB97038-C9BA-0736-FA70-7B136748C750}.Debug|Any CPU.ActiveCfg = Debug|Any CPU
		{1AB97038-C9BA-0736-FA70-7B136748C750}.Debug|Any CPU.Build.0 = Debug|Any CPU
		{1AB97038-C9BA-0736-FA70-7B136748C750}.Release|Any CPU.ActiveCfg = Release|Any CPU
		{1AB97038-C9BA-0736-FA70-7B136748C750}.Release|Any CPU.Build.0 = Release|Any CPU
		{60DE2AD5-49A9-FE81-1C14-4389758E737E}.Debug|Any CPU.ActiveCfg = Debug|Any CPU
		{60DE2AD5-49A9-FE81-1C14-4389758E737E}.Debug|Any CPU.Build.0 = Debug|Any CPU
		{60DE2AD5-49A9-FE81-1C14-4389758E737E}.Release|Any CPU.ActiveCfg = Release|Any CPU
		{60DE2AD5-49A9-FE81-1C14-4389758E737E}.Release|Any CPU.Build.0 = Release|Any CPU
	EndGlobalSection
	GlobalSection(SolutionProperties) = preSolution
		HideSolutionNode = FALSE
	EndGlobalSection
EndGlobal
